<?xml version="1.0" encoding="utf-8"?>
<Project ToolsVersion="4.0" xmlns="http://schemas.microsoft.com/developer/msbuild/2003">
  <ItemGroup>
    <ClInclude Include="..\openvpn\addr\addrlist.hpp" />
    <ClInclude Include="..\openvpn\addr\addrpair.hpp" />
    <ClInclude Include="..\openvpn\addr\ip.hpp" />
    <ClInclude Include="..\openvpn\addr\iperr.hpp" />
    <ClInclude Include="..\openvpn\addr\ipv4.hpp" />
    <ClInclude Include="..\openvpn\addr\ipv6.hpp" />
    <ClInclude Include="..\openvpn\addr\macaddr.hpp" />
    <ClInclude Include="..\openvpn\addr\pool.hpp" />
    <ClInclude Include="..\openvpn\addr\quoteip.hpp" />
    <ClInclude Include="..\openvpn\addr\randaddr.hpp" />
    <ClInclude Include="..\openvpn\addr\range.hpp" />
    <ClInclude Include="..\openvpn\addr\regex.hpp" />
    <ClInclude Include="..\openvpn\addr\route.hpp" />
    <ClInclude Include="..\openvpn\addr\routeinv.hpp" />
    <ClInclude Include="..\openvpn\apple\cf\cf.hpp" />
    <ClInclude Include="..\openvpn\apple\cf\cfhelper.hpp" />
    <ClInclude Include="..\openvpn\apple\cf\cfhost.hpp" />
    <ClInclude Include="..\openvpn\apple\cf\cfrunloop.hpp" />
    <ClInclude Include="..\openvpn\apple\cf\cfsec.hpp" />
    <ClInclude Include="..\openvpn\apple\cf\cfsocket.hpp" />
    <ClInclude Include="..\openvpn\apple\cf\cfstream.hpp" />
    <ClInclude Include="..\openvpn\apple\cf\cftimer.hpp" />
    <ClInclude Include="..\openvpn\apple\cf\error.hpp" />
    <ClInclude Include="..\openvpn\apple\iosactiveiface.hpp" />
    <ClInclude Include="..\openvpn\apple\maclife.hpp" />
    <ClInclude Include="..\openvpn\apple\macsleep.hpp" />
    <ClInclude Include="..\openvpn\apple\macver.hpp" />
    <ClInclude Include="..\openvpn\apple\reach.hpp" />
    <ClInclude Include="..\openvpn\apple\reachable.hpp" />
    <ClInclude Include="..\openvpn\apple\scdynstore.hpp" />
    <ClInclude Include="..\openvpn\apple\ver.hpp" />
    <ClInclude Include="..\openvpn\applecrypto\crypto\api.hpp" />
    <ClInclude Include="..\openvpn\applecrypto\crypto\cipher.hpp" />
    <ClInclude Include="..\openvpn\applecrypto\crypto\digest.hpp" />
    <ClInclude Include="..\openvpn\applecrypto\crypto\hmac.hpp" />
    <ClInclude Include="..\openvpn\applecrypto\ssl\sslctx.hpp" />
    <ClInclude Include="..\openvpn\applecrypto\util\rand.hpp" />
    <ClInclude Include="..\openvpn\asio\asioboundsock.hpp" />
    <ClInclude Include="..\openvpn\asio\asiocontext.hpp" />
    <ClInclude Include="..\openvpn\asio\asioerr.hpp" />
    <ClInclude Include="..\openvpn\asio\asiopolysock.hpp" />
    <ClInclude Include="..\openvpn\asio\asioresolverres.hpp" />
    <ClInclude Include="..\openvpn\asio\asiosignal.hpp" />
    <ClInclude Include="..\openvpn\asio\asiostop.hpp" />
    <ClInclude Include="..\openvpn\asio\asiowork.hpp" />
    <ClInclude Include="..\openvpn\asio\scoped_asio_stream.hpp" />
    <ClInclude Include="..\openvpn\auth\authcert.hpp" />
    <ClInclude Include="..\openvpn\auth\authcreds.hpp" />
    <ClInclude Include="..\openvpn\auth\cr.hpp" />
    <ClInclude Include="..\openvpn\auth\validatecreds.hpp" />
    <ClInclude Include="..\openvpn\buffer\asiobuf.hpp" />
    <ClInclude Include="..\openvpn\buffer\bufclamp.hpp" />
    <ClInclude Include="..\openvpn\buffer\bufcomplete.hpp" />
    <ClInclude Include="..\openvpn\buffer\bufcomposed.hpp" />
    <ClInclude Include="..\openvpn\buffer\buffer.hpp" />
    <ClInclude Include="..\openvpn\buffer\bufhex.hpp" />
    <ClInclude Include="..\openvpn\buffer\buflimit.hpp" />
    <ClInclude Include="..\openvpn\buffer\buflist.hpp" />
    <ClInclude Include="..\openvpn\buffer\bufread.hpp" />
    <ClInclude Include="..\openvpn\buffer\bufstr.hpp" />
    <ClInclude Include="..\openvpn\buffer\bufstream.hpp" />
    <ClInclude Include="..\openvpn\buffer\lz4.hpp" />
    <ClInclude Include="..\openvpn\buffer\memq.hpp" />
    <ClInclude Include="..\openvpn\buffer\safestr.hpp" />
    <ClInclude Include="..\openvpn\buffer\zlib.hpp" />
    <ClInclude Include="..\openvpn\client\cliconnect.hpp" />
    <ClInclude Include="..\openvpn\client\cliconstants.hpp" />
    <ClInclude Include="..\openvpn\client\clicreds.hpp" />
    <ClInclude Include="..\openvpn\client\cliemuexr.hpp" />
    <ClInclude Include="..\openvpn\client\clievent.hpp" />
    <ClInclude Include="..\openvpn\client\clihalt.hpp" />
    <ClInclude Include="..\openvpn\client\clilife.hpp" />
    <ClInclude Include="..\openvpn\client\cliopt.hpp" />
    <ClInclude Include="..\openvpn\client\cliopthelper.hpp" />
    <ClInclude Include="..\openvpn\client\cliproto.hpp" />
    <ClInclude Include="..\openvpn\client\ipverflags.hpp" />
    <ClInclude Include="..\openvpn\client\optfilt.hpp" />
    <ClInclude Include="..\openvpn\client\remotelist.hpp" />
    <ClInclude Include="..\openvpn\client\rgopt.hpp" />
    <ClInclude Include="..\openvpn\common\abort.hpp" />
    <ClInclude Include="..\openvpn\common\action.hpp" />
    <ClInclude Include="..\openvpn\common\actionthread.hpp" />
    <ClInclude Include="..\openvpn\common\appversion.hpp" />
    <ClInclude Include="..\openvpn\common\arch.hpp" />
    <ClInclude Include="..\openvpn\common\argv.hpp" />
    <ClInclude Include="..\openvpn\common\arraysize.hpp" />
    <ClInclude Include="..\openvpn\common\asyncsleep.hpp" />
    <ClInclude Include="..\openvpn\common\autoreset.hpp" />
    <ClInclude Include="..\openvpn\common\base64.hpp" />
    <ClInclude Include="..\openvpn\common\bigmutex.hpp" />
    <ClInclude Include="..\openvpn\common\binprefix.hpp" />
    <ClInclude Include="..\openvpn\common\circ_list.hpp" />
    <ClInclude Include="..\openvpn\common\cleanup.hpp" />
    <ClInclude Include="..\openvpn\common\core.hpp" />
    <ClInclude Include="..\openvpn\common\count.hpp" />
    <ClInclude Include="..\openvpn\common\daemon.hpp" />
    <ClInclude Include="..\openvpn\common\demangle.hpp" />
    <ClInclude Include="..\openvpn\common\destruct.hpp" />
    <ClInclude Include="..\openvpn\common\endian.hpp" />
    <ClInclude Include="..\openvpn\common\enumdir.hpp" />
    <ClInclude Include="..\openvpn\common\environ.hpp" />
    <ClInclude Include="..\openvpn\common\exception.hpp" />
    <ClInclude Include="..\openvpn\common\extern.hpp" />
    <ClInclude Include="..\openvpn\common\ffs.hpp" />
    <ClInclude Include="..\openvpn\common\file.hpp" />
    <ClInclude Include="..\openvpn\common\fileatomic.hpp" />
    <ClInclude Include="..\openvpn\common\fileunix.hpp" />
    <ClInclude Include="..\openvpn\common\format.hpp" />
    <ClInclude Include="..\openvpn\common\function.hpp" />
    <ClInclude Include="..\openvpn\common\getopt.hpp" />
    <ClInclude Include="..\openvpn\common\getpw.hpp" />
    <ClInclude Include="..\openvpn\common\glob.hpp" />
    <ClInclude Include="..\openvpn\common\hash.hpp" />
    <ClInclude Include="..\openvpn\common\hexstr.hpp" />
    <ClInclude Include="..\openvpn\common\hostlist.hpp" />
    <ClInclude Include="..\openvpn\common\hostname.hpp" />
    <ClInclude Include="..\openvpn\common\hostport.hpp" />
    <ClInclude Include="..\openvpn\common\jsonlib.hpp" />
    <ClInclude Include="..\openvpn\common\lex.hpp" />
    <ClInclude Include="..\openvpn\common\likely.hpp" />
    <ClInclude Include="..\openvpn\common\link.hpp" />
    <ClInclude Include="..\openvpn\common\logrotate.hpp" />
    <ClInclude Include="..\openvpn\common\memneq.hpp" />
    <ClInclude Include="..\openvpn\common\mode.hpp" />
    <ClInclude Include="..\openvpn\common\modstat.hpp" />
    <ClInclude Include="..\openvpn\common\msgwin.hpp" />
    <ClInclude Include="..\openvpn\common\number.hpp" />
    <ClInclude Include="..\openvpn\common\olong.hpp" />
    <ClInclude Include="..\openvpn\common\options.hpp" />
    <ClInclude Include="..\openvpn\common\option_error.hpp" />
    <ClInclude Include="..\openvpn\common\ostream.hpp" />
    <ClInclude Include="..\openvpn\common\path.hpp" />
    <ClInclude Include="..\openvpn\common\peercred.hpp" />
    <ClInclude Include="..\openvpn\common\persistfile.hpp" />
    <ClInclude Include="..\openvpn\common\pipe.hpp" />
    <ClInclude Include="..\openvpn\common\platform.hpp" />
    <ClInclude Include="..\openvpn\common\platform_name.hpp" />
    <ClInclude Include="..\openvpn\common\platform_string.hpp" />
    <ClInclude Include="..\openvpn\common\process.hpp" />
    <ClInclude Include="..\openvpn\common\pthreadcond.hpp" />
    <ClInclude Include="..\openvpn\common\rc.hpp" />
    <ClInclude Include="..\openvpn\common\redir.hpp" />
    <ClInclude Include="..\openvpn\common\runcontext.hpp" />
    <ClInclude Include="..\openvpn\common\scoped_fd.hpp" />
    <ClInclude Include="..\openvpn\common\sess_id.hpp" />
    <ClInclude Include="..\openvpn\common\signal.hpp" />
    <ClInclude Include="..\openvpn\common\size.hpp" />
    <ClInclude Include="..\openvpn\common\sleep.hpp" />
    <ClInclude Include="..\openvpn\common\sockopt.hpp" />
    <ClInclude Include="..\openvpn\common\socktypes.hpp" />
    <ClInclude Include="..\openvpn\common\split.hpp" />
    <ClInclude Include="..\openvpn\common\splitlines.hpp" />
    <ClInclude Include="..\openvpn\common\stat.hpp" />
    <ClInclude Include="..\openvpn\common\stop.hpp" />
    <ClInclude Include="..\openvpn\common\strerror.hpp" />
    <ClInclude Include="..\openvpn\common\string.hpp" />
    <ClInclude Include="..\openvpn\common\stringize.hpp" />
    <ClInclude Include="..\openvpn\common\stringtempl.hpp" />
    <ClInclude Include="..\openvpn\common\tempfile.hpp" />
    <ClInclude Include="..\openvpn\common\to_string.hpp" />
    <ClInclude Include="..\openvpn\common\umask.hpp" />
    <ClInclude Include="..\openvpn\common\unicode-impl.hpp" />
    <ClInclude Include="..\openvpn\common\unicode.hpp" />
    <ClInclude Include="..\openvpn\common\uniqueptr.hpp" />
    <ClInclude Include="..\openvpn\common\usecount.hpp" />
    <ClInclude Include="..\openvpn\common\usergroup.hpp" />
    <ClInclude Include="..\openvpn\common\userpass.hpp" />
    <ClInclude Include="..\openvpn\common\valgrind.hpp" />
    <ClInclude Include="..\openvpn\common\version.hpp" />
    <ClInclude Include="..\openvpn\common\waitbarrier.hpp" />
    <ClInclude Include="..\openvpn\common\write.hpp" />
    <ClInclude Include="..\openvpn\common\wstring.hpp" />
    <ClInclude Include="..\openvpn\compress\compnull.hpp" />
    <ClInclude Include="..\openvpn\compress\compress.hpp" />
    <ClInclude Include="..\openvpn\compress\compstub.hpp" />
    <ClInclude Include="..\openvpn\compress\lz4.hpp" />
    <ClInclude Include="..\openvpn\compress\lzo.hpp" />
    <ClInclude Include="..\openvpn\compress\lzoasym.hpp" />
    <ClInclude Include="..\openvpn\compress\lzoasym_impl.hpp" />
    <ClInclude Include="..\openvpn\compress\lzoselect.hpp" />
    <ClInclude Include="..\openvpn\compress\snappy.hpp" />
    <ClInclude Include="..\openvpn\crypto\bs64_data_limit.hpp" />
    <ClInclude Include="..\openvpn\crypto\cipher.hpp" />
    <ClInclude Include="..\openvpn\crypto\cryptoalgs.hpp" />
    <ClInclude Include="..\openvpn\crypto\cryptodc.hpp" />
    <ClInclude Include="..\openvpn\crypto\cryptodcsel.hpp" />
    <ClInclude Include="..\openvpn\crypto\crypto_aead.hpp" />
    <ClInclude Include="..\openvpn\crypto\crypto_chm.hpp" />
    <ClInclude Include="..\openvpn\crypto\decrypt_chm.hpp" />
    <ClInclude Include="..\openvpn\crypto\digestapi.hpp" />
    <ClInclude Include="..\openvpn\crypto\encrypt_chm.hpp" />
    <ClInclude Include="..\openvpn\crypto\hashstr.hpp" />
    <ClInclude Include="..\openvpn\crypto\ovpnhmac.hpp" />
    <ClInclude Include="..\openvpn\crypto\packet_id.hpp" />
    <ClInclude Include="..\openvpn\crypto\selftest.hpp" />
    <ClInclude Include="..\openvpn\crypto\static_key.hpp" />
    <ClInclude Include="..\openvpn\crypto\tls_crypt.hpp" />
    <ClInclude Include="..\openvpn\dco\dcocli.hpp" />
    <ClInclude Include="..\openvpn\dco\ipcollbase.hpp" />
    <ClInclude Include="..\openvpn\error\error.hpp" />
    <ClInclude Include="..\openvpn\error\excode.hpp" />
    <ClInclude Include="..\openvpn\frame\frame.hpp" />
    <ClInclude Include="..\openvpn\frame\frame_init.hpp" />
    <ClInclude Include="..\openvpn\frame\memq_dgram.hpp" />
    <ClInclude Include="..\openvpn\frame\memq_stream.hpp" />
    <ClInclude Include="..\openvpn\http\header.hpp" />
    <ClInclude Include="..\openvpn\http\htmlskip.hpp" />
    <ClInclude Include="..\openvpn\http\method.hpp" />
    <ClInclude Include="..\openvpn\http\parseutil.hpp" />
    <ClInclude Include="..\openvpn\http\reply.hpp" />
    <ClInclude Include="..\openvpn\http\request.hpp" />
    <ClInclude Include="..\openvpn\http\status.hpp" />
    <ClInclude Include="..\openvpn\http\urlencode.hpp" />
    <ClInclude Include="..\openvpn\http\urlparm.hpp" />
    <ClInclude Include="..\openvpn\http\urlparse.hpp" />
    <ClInclude Include="..\openvpn\http\validate_uri.hpp" />
    <ClInclude Include="..\openvpn\http\webexcept.hpp" />
    <ClInclude Include="..\openvpn\init\cryptoinit.hpp" />
    <ClInclude Include="..\openvpn\init\engineinit.hpp" />
    <ClInclude Include="..\openvpn\init\initprocess.hpp" />
    <ClInclude Include="..\openvpn\io\io.hpp" />
    <ClInclude Include="..\openvpn\ip\dhcp.hpp" />
    <ClInclude Include="..\openvpn\ip\eth.hpp" />
    <ClInclude Include="..\openvpn\ip\icmp4.hpp" />
    <ClInclude Include="..\openvpn\ip\icmp6.hpp" />
    <ClInclude Include="..\openvpn\ip\ip4.hpp" />
    <ClInclude Include="..\openvpn\ip\ip6.hpp" />
    <ClInclude Include="..\openvpn\ip\ipcommon.hpp" />
    <ClInclude Include="..\openvpn\ip\udp.hpp" />
    <ClInclude Include="..\openvpn\kovpn\kocrypto.hpp" />
    <ClInclude Include="..\openvpn\kovpn\kodev.hpp" />
    <ClInclude Include="..\openvpn\kovpn\korekey.hpp" />
    <ClInclude Include="..\openvpn\kovpn\koroute.hpp" />
    <ClInclude Include="..\openvpn\kovpn\kostats.hpp" />
    <ClInclude Include="..\openvpn\kovpn\kovpn.hpp" />
    <ClInclude Include="..\openvpn\legal\copyright.hpp" />
    <ClInclude Include="..\openvpn\linux\core.hpp" />
    <ClInclude Include="..\openvpn\linux\daemon_alive.hpp" />
    <ClInclude Include="..\openvpn\linux\procfs.hpp" />
    <ClInclude Include="..\openvpn\log\logbase.hpp" />
    <ClInclude Include="..\openvpn\log\logbasesimple.hpp" />
    <ClInclude Include="..\openvpn\log\logbasesimplemac.hpp" />
    <ClInclude Include="..\openvpn\log\logdatetime.hpp" />
    <ClInclude Include="..\openvpn\log\lognull.hpp" />
    <ClInclude Include="..\openvpn\log\logperiod.hpp" />
    <ClInclude Include="..\openvpn\log\logsimple.hpp" />
    <ClInclude Include="..\openvpn\log\logthread.hpp" />
    <ClInclude Include="..\openvpn\log\sessionstats.hpp" />
    <ClInclude Include="..\openvpn\mbedtls\crypto\api.hpp" />
    <ClInclude Include="..\openvpn\mbedtls\crypto\cipher.hpp" />
    <ClInclude Include="..\openvpn\mbedtls\crypto\ciphergcm.hpp" />
    <ClInclude Include="..\openvpn\mbedtls\crypto\digest.hpp" />
    <ClInclude Include="..\openvpn\mbedtls\crypto\hmac.hpp" />
    <ClInclude Include="..\openvpn\mbedtls\pki\dh.hpp" />
    <ClInclude Include="..\openvpn\mbedtls\pki\pkctx.hpp" />
    <ClInclude Include="..\openvpn\mbedtls\pki\x509cert.hpp" />
    <ClInclude Include="..\openvpn\mbedtls\pki\x509crl.hpp" />
    <ClInclude Include="..\openvpn\mbedtls\ssl\sslctx.hpp" />
    <ClInclude Include="..\openvpn\mbedtls\util\error.hpp" />
    <ClInclude Include="..\openvpn\mbedtls\util\pkcs1.hpp" />
    <ClInclude Include="..\openvpn\mbedtls\util\rand.hpp" />
    <ClInclude Include="..\openvpn\mbedtls\util\selftest.hpp" />
    <ClInclude Include="..\openvpn\netconf\enumiface.hpp" />
    <ClInclude Include="..\openvpn\netconf\hwaddr.hpp" />
    <ClInclude Include="..\openvpn\netconf\ios\net-route.h" />
    <ClInclude Include="..\openvpn\netconf\linux\gw.hpp" />
    <ClInclude Include="..\openvpn\netconf\linux\route.hpp" />
    <ClInclude Include="..\openvpn\openssl\bio\bio_memq_dgram.hpp" />
    <ClInclude Include="..\openvpn\openssl\bio\bio_memq_stream.hpp" />
    <ClInclude Include="..\openvpn\openssl\crypto\api.hpp" />
    <ClInclude Include="..\openvpn\openssl\crypto\cipher.hpp" />
    <ClInclude Include="..\openvpn\openssl\crypto\ciphergcm.hpp" />
    <ClInclude Include="..\openvpn\openssl\crypto\digest.hpp" />
    <ClInclude Include="..\openvpn\openssl\crypto\hmac.hpp" />
    <ClInclude Include="..\openvpn\openssl\pki\crl.hpp" />
    <ClInclude Include="..\openvpn\openssl\pki\dh.hpp" />
    <ClInclude Include="..\openvpn\openssl\pki\pkey.hpp" />
    <ClInclude Include="..\openvpn\openssl\pki\x509.hpp" />
    <ClInclude Include="..\openvpn\openssl\pki\x509store.hpp" />
    <ClInclude Include="..\openvpn\openssl\sign\pkcs7verify.hpp" />
    <ClInclude Include="..\openvpn\openssl\sign\verify.hpp" />
    <ClInclude Include="..\openvpn\openssl\ssl\sslctx.hpp" />
    <ClInclude Include="..\openvpn\openssl\util\engine.hpp" />
    <ClInclude Include="..\openvpn\openssl\util\error.hpp" />
    <ClInclude Include="..\openvpn\openssl\util\init.hpp" />
    <ClInclude Include="..\openvpn\openssl\util\rand.hpp" />
    <ClInclude Include="..\openvpn\openssl\util\tokenencrypt.hpp" />
    <ClInclude Include="..\openvpn\options\continuation.hpp" />
    <ClInclude Include="..\openvpn\options\merge.hpp" />
    <ClInclude Include="..\openvpn\options\sanitize.hpp" />
    <ClInclude Include="..\openvpn\options\servpush.hpp" />
    <ClInclude Include="..\openvpn\pki\cclist.hpp" />
    <ClInclude Include="..\openvpn\pki\epkibase.hpp" />
    <ClInclude Include="..\openvpn\pki\pkcs1.hpp" />
    <ClInclude Include="..\openvpn\pki\x509track.hpp" />
    <ClInclude Include="..\openvpn\proxy\httpdigest.hpp" />
    <ClInclude Include="..\openvpn\proxy\ntlm.hpp" />
    <ClInclude Include="..\openvpn\proxy\proxyauth.hpp" />
    <ClInclude Include="..\openvpn\random\devurand.hpp" />
    <ClInclude Include="..\openvpn\random\mtrandapi.hpp" />
    <ClInclude Include="..\openvpn\random\rand2.hpp" />
    <ClInclude Include="..\openvpn\random\randapi.hpp" />
    <ClInclude Include="..\openvpn\random\randbytestore.hpp" />
    <ClInclude Include="..\openvpn\reliable\relack.hpp" />
    <ClInclude Include="..\openvpn\reliable\relcommon.hpp" />
    <ClInclude Include="..\openvpn\reliable\relrecv.hpp" />
    <ClInclude Include="..\openvpn\reliable\relsend.hpp" />
    <ClInclude Include="..\openvpn\server\listenlist.hpp" />
    <ClInclude Include="..\openvpn\server\manage.hpp" />
    <ClInclude Include="..\openvpn\server\peeraddr.hpp" />
    <ClInclude Include="..\openvpn\server\peerstats.hpp" />
    <ClInclude Include="..\openvpn\server\servhalt.hpp" />
    <ClInclude Include="..\openvpn\server\servproto.hpp" />
    <ClInclude Include="..\openvpn\server\vpnservnetblock.hpp" />
    <ClInclude Include="..\openvpn\server\vpnservpool.hpp" />
    <ClInclude Include="..\openvpn\ssl\datalimit.hpp" />
    <ClInclude Include="..\openvpn\ssl\is_openvpn_protocol.hpp" />
    <ClInclude Include="..\openvpn\ssl\kuparse.hpp" />
    <ClInclude Include="..\openvpn\ssl\mssparms.hpp" />
    <ClInclude Include="..\openvpn\ssl\nscert.hpp" />
    <ClInclude Include="..\openvpn\ssl\peerinfo.hpp" />
    <ClInclude Include="..\openvpn\ssl\proto.hpp" />
    <ClInclude Include="..\openvpn\ssl\protostack.hpp" />
    <ClInclude Include="..\openvpn\ssl\proto_context_options.hpp" />
    <ClInclude Include="..\openvpn\ssl\psid.hpp" />
    <ClInclude Include="..\openvpn\ssl\sslapi.hpp" />
    <ClInclude Include="..\openvpn\ssl\sslchoose.hpp" />
    <ClInclude Include="..\openvpn\ssl\sslconsts.hpp" />
    <ClInclude Include="..\openvpn\ssl\ssllog.hpp" />
    <ClInclude Include="..\openvpn\ssl\tlsprf.hpp" />
    <ClInclude Include="..\openvpn\ssl\tlsver.hpp" />
    <ClInclude Include="..\openvpn\ssl\tls_cert_profile.hpp" />
    <ClInclude Include="..\openvpn\ssl\tls_remote.hpp" />
    <ClInclude Include="..\openvpn\time\asiotimer.hpp" />
    <ClInclude Include="..\openvpn\time\coarsetime.hpp" />
    <ClInclude Include="..\openvpn\time\durhelper.hpp" />
    <ClInclude Include="..\openvpn\time\epoch.hpp" />
    <ClInclude Include="..\openvpn\time\time.hpp" />
    <ClInclude Include="..\openvpn\time\timestr.hpp" />
    <ClInclude Include="..\openvpn\transport\altproxy.hpp" />
    <ClInclude Include="..\openvpn\transport\client\extern\config.hpp" />
    <ClInclude Include="..\openvpn\transport\client\extern\fw.hpp" />
    <ClInclude Include="..\openvpn\transport\client\httpcli.hpp" />
    <ClInclude Include="..\openvpn\transport\client\relay.hpp" />
    <ClInclude Include="..\openvpn\transport\client\tcpcli.hpp" />
    <ClInclude Include="..\openvpn\transport\client\transbase.hpp" />
    <ClInclude Include="..\openvpn\transport\client\udpcli.hpp" />
    <ClInclude Include="..\openvpn\transport\dco.hpp" />
    <ClInclude Include="..\openvpn\transport\gremlin.hpp" />
    <ClInclude Include="..\openvpn\transport\mutate.hpp" />
    <ClInclude Include="..\openvpn\transport\pktstream.hpp" />
    <ClInclude Include="..\openvpn\transport\protocol.hpp" />
    <ClInclude Include="..\openvpn\transport\reconnect_notify.hpp" />
    <ClInclude Include="..\openvpn\transport\server\transbase.hpp" />
    <ClInclude Include="..\openvpn\transport\socket_protect.hpp" />
    <ClInclude Include="..\openvpn\transport\tcplink.hpp" />
    <ClInclude Include="..\openvpn\transport\tcplinkbase.hpp" />
    <ClInclude Include="..\openvpn\transport\tcplinkcommon.hpp" />
    <ClInclude Include="..\openvpn\transport\udplink.hpp" />
    <ClInclude Include="..\openvpn\tun\builder\base.hpp" />
    <ClInclude Include="..\openvpn\tun\builder\capture.hpp" />
    <ClInclude Include="..\openvpn\tun\builder\client.hpp" />
    <ClInclude Include="..\openvpn\tun\builder\rgwflags.hpp" />
    <ClInclude Include="..\openvpn\tun\builder\setup.hpp" />
    <ClInclude Include="..\openvpn\tun\client\dhcp_capture.hpp" />
    <ClInclude Include="..\openvpn\tun\client\emuexr.hpp" />
    <ClInclude Include="..\openvpn\tun\client\tunbase.hpp" />
    <ClInclude Include="..\openvpn\tun\client\tunnull.hpp" />
    <ClInclude Include="..\openvpn\tun\client\tunprop.hpp" />
    <ClInclude Include="..\openvpn\tun\extern\config.hpp" />
    <ClInclude Include="..\openvpn\tun\extern\fw.hpp" />
    <ClInclude Include="..\openvpn\tun\ipv6_setting.hpp" />
    <ClInclude Include="..\openvpn\tun\layer.hpp" />
    <ClInclude Include="..\openvpn\tun\linux\client\tuncli.hpp" />
    <ClInclude Include="..\openvpn\tun\linux\client\tunsetup.hpp" />
    <ClInclude Include="..\openvpn\tun\mac\client\tuncli.hpp" />
    <ClInclude Include="..\openvpn\tun\mac\client\tunsetup.hpp" />
    <ClInclude Include="..\openvpn\tun\mac\dsdict.hpp" />
    <ClInclude Include="..\openvpn\tun\mac\gwv4.hpp" />
    <ClInclude Include="..\openvpn\tun\mac\macdns.hpp" />
    <ClInclude Include="..\openvpn\tun\mac\macdns_watchdog.hpp" />
    <ClInclude Include="..\openvpn\tun\mac\macgw.hpp" />
    <ClInclude Include="..\openvpn\tun\mac\macproxy.hpp" />
    <ClInclude Include="..\openvpn\tun\mac\tunutil.hpp" />
    <ClInclude Include="..\openvpn\tun\mac\utun.hpp" />
    <ClInclude Include="..\openvpn\tun\persist\tunpersist.hpp" />
    <ClInclude Include="..\openvpn\tun\persist\tunwrap.hpp" />
    <ClInclude Include="..\openvpn\tun\persist\tunwrapasio.hpp" />
    <ClInclude Include="..\openvpn\tun\proxy.hpp" />
    <ClInclude Include="..\openvpn\tun\server\tunbase.hpp" />
    <ClInclude Include="..\openvpn\tun\tunio.hpp" />
    <ClInclude Include="..\openvpn\tun\tunlog.hpp" />
    <ClInclude Include="..\openvpn\tun\tunmtu.hpp" />
    <ClInclude Include="..\openvpn\tun\tunspec.hpp" />
    <ClInclude Include="..\openvpn\tun\win\client\setupbase.hpp" />
    <ClInclude Include="..\openvpn\tun\win\client\tuncli.hpp" />
    <ClInclude Include="..\openvpn\tun\win\client\tunsetup.hpp" />
    <ClInclude Include="..\openvpn\tun\win\nrpt.hpp" />
    <ClInclude Include="..\openvpn\tun\win\tunutil.hpp" />
    <ClInclude Include="..\openvpn\tun\win\wfp.hpp" />
    <ClInclude Include="..\openvpn\tun\win\winproxy.hpp" />
    <ClInclude Include="..\openvpn\win\call.hpp" />
    <ClInclude Include="..\openvpn\win\cmd.hpp" />
    <ClInclude Include="..\openvpn\win\console.hpp" />
    <ClInclude Include="..\openvpn\win\handle.hpp" />
    <ClInclude Include="..\openvpn\win\impersonate.hpp" />
    <ClInclude Include="..\openvpn\win\modname.hpp" />
    <ClInclude Include="..\openvpn\win\reg.hpp" />
    <ClInclude Include="..\openvpn\win\scoped_handle.hpp" />
    <ClInclude Include="..\openvpn\win\sleep.hpp" />
    <ClInclude Include="..\openvpn\win\unicode.hpp" />
    <ClInclude Include="..\openvpn\win\winerr.hpp" />
    <ClInclude Include="..\openvpn\tun\win\winproxy.hpp" />
    <ClInclude Include="..\openvpn\tun\proxy.hpp" />
    <ClInclude Include="..\openvpn\win\impersonate.hpp" />
    <ClInclude Include="..\openvpn\ip\icmp4.hpp" />
    <ClInclude Include="..\openvpn\ip\icmp6.hpp" />
    <ClInclude Include="..\openvpn\ip\ip4.hpp" />
    <ClInclude Include="..\openvpn\ip\ip6.hpp" />
    <ClInclude Include="..\openvpn\ip\ipcommon.hpp" />
    <ClInclude Include="..\client\ovpncli.hpp" />
    <ClInclude Include="..\openvpn\transport\mssfix.hpp" />
    <ClInclude Include="..\openvpn\ip\tcp.hpp" />
    <ClInclude Include="..\openvpn\ip\ptb.hpp" />
    <ClInclude Include="..\openvpn\ip\ping4.hpp" />
    <ClInclude Include="..\openvpn\ip\ping6.hpp" />
    <ClInclude Include="..\openvpn\ip\csum.hpp" />
  </ItemGroup>
  <ItemGroup>
    <ClCompile Include="..\test\ovpncli\cli.cpp" />
  </ItemGroup>
</Project>