// !$*UTF8*$!
{
	archiveVersion = 1;
	classes = {
	};
	objectVersion = 48;
	objects = {

/* Begin PBXBuildFile section */
		DF28F0D422E6071900E5B24C /* ovpnagent.cpp in Sources */ = {isa = PBXBuildFile; fileRef = DF28F0D322E6071900E5B24C /* ovpnagent.cpp */; };
		DF28F0D522E60BBF00E5B24C /* libjsoncpp_static.a in Frameworks */ = {isa = PBXBuildFile; fileRef = DF28F0C522E5E40D00E5B24C /* libjsoncpp_static.a */; };
		DF28F0D622E60BEF00E5B24C /* CoreServices.framework in Frameworks */ = {isa = PBXBuildFile; fileRef = DF380AEA201F0DDC0003272D /* CoreServices.framework */; };
		DF28F0D722E60BF500E5B24C /* IOKit.framework in Frameworks */ = {isa = PBXBuildFile; fileRef = DF380AE8201F0DB80003272D /* IOKit.framework */; };
		DF28F0D822E60BFD00E5B24C /* SystemConfiguration.framework in Frameworks */ = {isa = PBXBuildFile; fileRef = DF380AE6201F0D910003272D /* SystemConfiguration.framework */; };
		DF28F0D922E60C0700E5B24C /* CoreFoundation.framework in Frameworks */ = {isa = PBXBuildFile; fileRef = DF380AE4201F0D4F0003272D /* CoreFoundation.framework */; };
		DF380AE2201F0A2F0003272D /* cli.cpp in Sources */ = {isa = PBXBuildFile; fileRef = DF380AE1201F0A2F0003272D /* cli.cpp */; };
		DF380AE5201F0D4F0003272D /* CoreFoundation.framework in Frameworks */ = {isa = PBXBuildFile; fileRef = DF380AE4201F0D4F0003272D /* CoreFoundation.framework */; };
		DF380AE7201F0D910003272D /* SystemConfiguration.framework in Frameworks */ = {isa = PBXBuildFile; fileRef = DF380AE6201F0D910003272D /* SystemConfiguration.framework */; };
		DF380AE9201F0DB80003272D /* IOKit.framework in Frameworks */ = {isa = PBXBuildFile; fileRef = DF380AE8201F0DB80003272D /* IOKit.framework */; };
		DF380AEB201F0DDC0003272D /* CoreServices.framework in Frameworks */ = {isa = PBXBuildFile; fileRef = DF380AEA201F0DDC0003272D /* CoreServices.framework */; };
		DF380AED201F0E0E0003272D /* libmbedtls.a in Frameworks */ = {isa = PBXBuildFile; fileRef = DF380AEC201F0E0E0003272D /* libmbedtls.a */; };
		DF838B412090AC2F00B68F90 /* liblz4.a in Frameworks */ = {isa = PBXBuildFile; fileRef = DF838B402090AC2F00B68F90 /* liblz4.a */; };
		DFA442402361E2F3007ACEF6 /* libjsoncpp_static.a in Frameworks */ = {isa = PBXBuildFile; fileRef = DF28F0C522E5E40D00E5B24C /* libjsoncpp_static.a */; };
/* End PBXBuildFile section */

/* Begin PBXCopyFilesBuildPhase section */
		DF28F0C922E5E6C600E5B24C /* CopyFiles */ = {
			isa = PBXCopyFilesBuildPhase;
			buildActionMask = 2147483647;
			dstPath = /usr/share/man/man1/;
			dstSubfolderSpec = 0;
			files = (
			);
			runOnlyForDeploymentPostprocessing = 1;
		};
		DF380AD4201F07AE0003272D /* CopyFiles */ = {
			isa = PBXCopyFilesBuildPhase;
			buildActionMask = 2147483647;
			dstPath = /usr/share/man/man1/;
			dstSubfolderSpec = 0;
			files = (
			);
			runOnlyForDeploymentPostprocessing = 1;
		};
/* End PBXCopyFilesBuildPhase section */

/* Begin PBXFileReference section */
		DF28F0C522E5E40D00E5B24C /* libjsoncpp_static.a */ = {isa = PBXFileReference; lastKnownFileType = archive.ar; name = libjsoncpp_static.a; path = ../../../../../../../usr/local/lib/libjsoncpp_static.a; sourceTree = "<group>"; };
		DF28F0CB22E5E6C600E5B24C /* agent */ = {isa = PBXFileReference; explicitFileType = "compiled.mach-o.executable"; includeInIndex = 0; path = agent; sourceTree = BUILT_PRODUCTS_DIR; };
		DF28F0D322E6071900E5B24C /* ovpnagent.cpp */ = {isa = PBXFileReference; fileEncoding = 4; lastKnownFileType = sourcecode.cpp.cpp; name = ovpnagent.cpp; path = ../../../../common/ovpnagent/mac/ovpnagent.cpp; sourceTree = "<group>"; };
		DF380AD6201F07AE0003272D /* ovpn3-core */ = {isa = PBXFileReference; explicitFileType = "compiled.mach-o.executable"; includeInIndex = 0; path = "ovpn3-core"; sourceTree = BUILT_PRODUCTS_DIR; };
		DF380AE0201F09B70003272D /* openvpn */ = {isa = PBXFileReference; lastKnownFileType = folder; name = openvpn; path = ../../../openvpn; sourceTree = "<group>"; };
		DF380AE1201F0A2F0003272D /* cli.cpp */ = {isa = PBXFileReference; fileEncoding = 4; lastKnownFileType = sourcecode.cpp.cpp; name = cli.cpp; path = ../../../test/ovpncli/cli.cpp; sourceTree = "<group>"; };
		DF380AE4201F0D4F0003272D /* CoreFoundation.framework */ = {isa = PBXFileReference; lastKnownFileType = wrapper.framework; name = CoreFoundation.framework; path = System/Library/Frameworks/CoreFoundation.framework; sourceTree = SDKROOT; };
		DF380AE6201F0D910003272D /* SystemConfiguration.framework */ = {isa = PBXFileReference; lastKnownFileType = wrapper.framework; name = SystemConfiguration.framework; path = System/Library/Frameworks/SystemConfiguration.framework; sourceTree = SDKROOT; };
		DF380AE8201F0DB80003272D /* IOKit.framework */ = {isa = PBXFileReference; lastKnownFileType = wrapper.framework; name = IOKit.framework; path = System/Library/Frameworks/IOKit.framework; sourceTree = SDKROOT; };
		DF380AEA201F0DDC0003272D /* CoreServices.framework */ = {isa = PBXFileReference; lastKnownFileType = wrapper.framework; name = CoreServices.framework; path = System/Library/Frameworks/CoreServices.framework; sourceTree = SDKROOT; };
		DF380AEC201F0E0E0003272D /* libmbedtls.a */ = {isa = PBXFileReference; lastKnownFileType = archive.ar; name = libmbedtls.a; path = "../../../deps/mbedtls/mbedtls-osx/library/libmbedtls.a"; sourceTree = "<group>"; };
		DF838B402090AC2F00B68F90 /* liblz4.a */ = {isa = PBXFileReference; lastKnownFileType = archive.ar; name = liblz4.a; path = "../../../deps/lz4/lz4-osx/lib/liblz4.a"; sourceTree = "<group>"; };
/* End PBXFileReference section */

/* Begin PBXFrameworksBuildPhase section */
		DF28F0C822E5E6C600E5B24C /* Frameworks */ = {
			isa = PBXFrameworksBuildPhase;
			buildActionMask = 2147483647;
			files = (
				DF28F0D922E60C0700E5B24C /* CoreFoundation.framework in Frameworks */,
				DF28F0D822E60BFD00E5B24C /* SystemConfiguration.framework in Frameworks */,
				DF28F0D722E60BF500E5B24C /* IOKit.framework in Frameworks */,
				DF28F0D622E60BEF00E5B24C /* CoreServices.framework in Frameworks */,
				DF28F0D522E60BBF00E5B24C /* libjsoncpp_static.a in Frameworks */,
			);
			runOnlyForDeploymentPostprocessing = 0;
		};
		DF380AD3201F07AE0003272D /* Frameworks */ = {
			isa = PBXFrameworksBuildPhase;
			buildActionMask = 2147483647;
			files = (
				DF838B412090AC2F00B68F90 /* liblz4.a in Frameworks */,
				DF380AED201F0E0E0003272D /* libmbedtls.a in Frameworks */,
				DFA442402361E2F3007ACEF6 /* libjsoncpp_static.a in Frameworks */,
				DF380AEB201F0DDC0003272D /* CoreServices.framework in Frameworks */,
				DF380AE9201F0DB80003272D /* IOKit.framework in Frameworks */,
				DF380AE7201F0D910003272D /* SystemConfiguration.framework in Frameworks */,
				DF380AE5201F0D4F0003272D /* CoreFoundation.framework in Frameworks */,
			);
			runOnlyForDeploymentPostprocessing = 0;
		};
/* End PBXFrameworksBuildPhase section */

/* Begin PBXGroup section */
		DF28F0CC22E5E6C700E5B24C /* agent */ = {
			isa = PBXGroup;
			children = (
				DF28F0D322E6071900E5B24C /* ovpnagent.cpp */,
			);
			path = agent;
			sourceTree = "<group>";
		};
		DF380ACD201F07AE0003272D = {
			isa = PBXGroup;
			children = (
				DF380AD8201F07AE0003272D /* ovpn3-core */,
				DF28F0CC22E5E6C700E5B24C /* agent */,
				DF380AD7201F07AE0003272D /* Products */,
				DF380AE3201F0D4F0003272D /* Frameworks */,
			);
			sourceTree = "<group>";
		};
		DF380AD7201F07AE0003272D /* Products */ = {
			isa = PBXGroup;
			children = (
				DF380AD6201F07AE0003272D /* ovpn3-core */,
				DF28F0CB22E5E6C600E5B24C /* agent */,
			);
			name = Products;
			sourceTree = "<group>";
		};
		DF380AD8201F07AE0003272D /* ovpn3-core */ = {
			isa = PBXGroup;
			children = (
				DF380AE1201F0A2F0003272D /* cli.cpp */,
				DF380AE0201F09B70003272D /* openvpn */,
			);
			path = "ovpn3-core";
			sourceTree = "<group>";
		};
		DF380AE3201F0D4F0003272D /* Frameworks */ = {
			isa = PBXGroup;
			children = (
				DF28F0C522E5E40D00E5B24C /* libjsoncpp_static.a */,
				DF838B402090AC2F00B68F90 /* liblz4.a */,
				DF380AEC201F0E0E0003272D /* libmbedtls.a */,
				DF380AEA201F0DDC0003272D /* CoreServices.framework */,
				DF380AE8201F0DB80003272D /* IOKit.framework */,
				DF380AE6201F0D910003272D /* SystemConfiguration.framework */,
				DF380AE4201F0D4F0003272D /* CoreFoundation.framework */,
			);
			name = Frameworks;
			sourceTree = "<group>";
		};
/* End PBXGroup section */

/* Begin PBXNativeTarget section */
		DF28F0CA22E5E6C600E5B24C /* agent */ = {
			isa = PBXNativeTarget;
			buildConfigurationList = DF28F0CF22E5E6C700E5B24C /* Build configuration list for PBXNativeTarget "agent" */;
			buildPhases = (
				DF28F0C722E5E6C600E5B24C /* Sources */,
				DF28F0C822E5E6C600E5B24C /* Frameworks */,
				DF28F0C922E5E6C600E5B24C /* CopyFiles */,
			);
			buildRules = (
			);
			dependencies = (
			);
			name = agent;
			productName = agent;
			productReference = DF28F0CB22E5E6C600E5B24C /* agent */;
			productType = "com.apple.product-type.tool";
		};
		DF380AD5201F07AE0003272D /* ovpn3-core */ = {
			isa = PBXNativeTarget;
			buildConfigurationList = DF380ADD201F07AE0003272D /* Build configuration list for PBXNativeTarget "ovpn3-core" */;
			buildPhases = (
				DF380AD2201F07AE0003272D /* Sources */,
				DF380AD3201F07AE0003272D /* Frameworks */,
				DF380AD4201F07AE0003272D /* CopyFiles */,
			);
			buildRules = (
			);
			dependencies = (
			);
			name = "ovpn3-core";
			productName = "ovpn3-core";
			productReference = DF380AD6201F07AE0003272D /* ovpn3-core */;
			productType = "com.apple.product-type.tool";
		};
/* End PBXNativeTarget section */

/* Begin PBXProject section */
		DF380ACE201F07AE0003272D /* Project object */ = {
			isa = PBXProject;
			attributes = {
				LastUpgradeCheck = 1030;
				ORGANIZATIONNAME = "Lev Stipakov";
				TargetAttributes = {
					DF28F0CA22E5E6C600E5B24C = {
						CreatedOnToolsVersion = 10.1;
						ProvisioningStyle = Automatic;
					};
					DF380AD5201F07AE0003272D = {
						CreatedOnToolsVersion = 9.2;
						ProvisioningStyle = Automatic;
					};
				};
			};
			buildConfigurationList = DF380AD1201F07AE0003272D /* Build configuration list for PBXProject "ovpn3-core" */;
			compatibilityVersion = "Xcode 8.0";
			developmentRegion = en;
			hasScannedForEncodings = 0;
			knownRegions = (
				en,
			);
			mainGroup = DF380ACD201F07AE0003272D;
			productRefGroup = DF380AD7201F07AE0003272D /* Products */;
			projectDirPath = "";
			projectRoot = "";
			targets = (
				DF380AD5201F07AE0003272D /* ovpn3-core */,
				DF28F0CA22E5E6C600E5B24C /* agent */,
			);
		};
/* End PBXProject section */

/* Begin PBXSourcesBuildPhase section */
		DF28F0C722E5E6C600E5B24C /* Sources */ = {
			isa = PBXSourcesBuildPhase;
			buildActionMask = 2147483647;
			files = (
				DF28F0D422E6071900E5B24C /* ovpnagent.cpp in Sources */,
			);
			runOnlyForDeploymentPostprocessing = 0;
		};
		DF380AD2201F07AE0003272D /* Sources */ = {
			isa = PBXSourcesBuildPhase;
			buildActionMask = 2147483647;
			files = (
				DF380AE2201F0A2F0003272D /* cli.cpp in Sources */,
			);
			runOnlyForDeploymentPostprocessing = 0;
		};
/* End PBXSourcesBuildPhase section */

/* Begin XCBuildConfiguration section */
		DF28F0C322E5DAD200E5B24C /* DebugAgent */ = {
			isa = XCBuildConfiguration;
			buildSettings = {
				ALWAYS_SEARCH_USER_PATHS = NO;
				CLANG_ANALYZER_NONNULL = YES;
				CLANG_ANALYZER_NUMBER_OBJECT_CONVERSION = YES_AGGRESSIVE;
				CLANG_CXX_LANGUAGE_STANDARD = "gnu++14";
				CLANG_CXX_LIBRARY = "libc++";
				CLANG_ENABLE_MODULES = YES;
				CLANG_ENABLE_OBJC_ARC = YES;
				CLANG_WARN_BLOCK_CAPTURE_AUTORELEASING = YES;
				CLANG_WARN_BOOL_CONVERSION = YES;
				CLANG_WARN_COMMA = YES;
				CLANG_WARN_CONSTANT_CONVERSION = YES;
				CLANG_WARN_DEPRECATED_OBJC_IMPLEMENTATIONS = YES;
				CLANG_WARN_DIRECT_OBJC_ISA_USAGE = YES_ERROR;
				CLANG_WARN_DOCUMENTATION_COMMENTS = YES;
				CLANG_WARN_EMPTY_BODY = YES;
				CLANG_WARN_ENUM_CONVERSION = YES;
				CLANG_WARN_INFINITE_RECURSION = YES;
				CLANG_WARN_INT_CONVERSION = YES;
				CLANG_WARN_NON_LITERAL_NULL_CONVERSION = YES;
				CLANG_WARN_OBJC_IMPLICIT_RETAIN_SELF = YES;
				CLANG_WARN_OBJC_LITERAL_CONVERSION = YES;
				CLANG_WARN_OBJC_ROOT_CLASS = YES_ERROR;
				CLANG_WARN_RANGE_LOOP_ANALYSIS = YES;
				CLANG_WARN_STRICT_PROTOTYPES = YES;
				CLANG_WARN_SUSPICIOUS_MOVE = YES;
				CLANG_WARN_UNGUARDED_AVAILABILITY = YES_AGGRESSIVE;
				CLANG_WARN_UNREACHABLE_CODE = YES;
				CLANG_WARN__DUPLICATE_METHOD_MATCH = YES;
				CODE_SIGN_IDENTITY = "-";
				COPY_PHASE_STRIP = NO;
				DEBUG_INFORMATION_FORMAT = dwarf;
				ENABLE_STRICT_OBJC_MSGSEND = YES;
				ENABLE_TESTABILITY = YES;
				GCC_C_LANGUAGE_STANDARD = gnu11;
				GCC_DYNAMIC_NO_PIC = NO;
				GCC_NO_COMMON_BLOCKS = YES;
				GCC_OPTIMIZATION_LEVEL = 0;
				GCC_PREPROCESSOR_DEFINITIONS = (
					"DEBUG=1",
					"$(inherited)",
				);
				GCC_WARN_64_TO_32_BIT_CONVERSION = YES;
				GCC_WARN_ABOUT_RETURN_TYPE = YES_ERROR;
				GCC_WARN_UNDECLARED_SELECTOR = YES;
				GCC_WARN_UNINITIALIZED_AUTOS = YES_AGGRESSIVE;
				GCC_WARN_UNUSED_FUNCTION = YES;
				GCC_WARN_UNUSED_VARIABLE = YES;
				MACOSX_DEPLOYMENT_TARGET = 10.13;
				MTL_ENABLE_DEBUG_INFO = YES;
				ONLY_ACTIVE_ARCH = YES;
				SDKROOT = macosx;
			};
			name = DebugAgent;
		};
		DF28F0C422E5DAD200E5B24C /* DebugAgent */ = {
			isa = XCBuildConfiguration;
			buildSettings = {
				CODE_SIGN_STYLE = Automatic;
				GCC_PREPROCESSOR_DEFINITIONS = (
					USE_ASIO,
					ASIO_STANDALONE,
					USE_MBEDTLS,
					HAVE_LZ4,
					LZ4_DISABLE_DEPRECATE_WARNINGS,
					OPENVPN_COMMAND_AGENT,
					HAVE_JSONCPP,
				);
				HEADER_SEARCH_PATHS = (
					"\"$(SRCROOT)/../..\"",
					"\"$(SRCROOT)/../../../deps/asio/asio/include\"",
					"\"$(SRCROOT)/../../../deps/mbedtls/mbedtls-osx/include\"",
					"\"$(SRCROOT)/../../../deps/lz4/lz4-osx/include\"",
					"\"$(SRCROOT)/../../../common\"",
					/usr/local/include,
				);
				LIBRARY_SEARCH_PATHS = (
					"\"$(SRCROOT)/../../../deps/mbedtls/mbedtls-osx/library\"",
					"\"$(SRCROOT)/../../../deps/lz4/lz4-osx/lib\"",
					/usr/local/lib,
				);
				PRODUCT_NAME = "$(TARGET_NAME)";
				STRINGS_FILE_OUTPUT_ENCODING = "UTF-8";
			};
			name = DebugAgent;
		};
		DF28F0D022E5E6C700E5B24C /* Debug */ = {
			isa = XCBuildConfiguration;
			buildSettings = {
				CLANG_ENABLE_OBJC_WEAK = YES;
				CLANG_WARN_DEPRECATED_OBJC_IMPLEMENTATIONS = YES;
				CLANG_WARN_OBJC_IMPLICIT_RETAIN_SELF = YES;
				CODE_SIGN_STYLE = Automatic;
				MTL_ENABLE_DEBUG_INFO = INCLUDE_SOURCE;
				MTL_FAST_MATH = YES;
				PRODUCT_NAME = "$(TARGET_NAME)";
			};
			name = Debug;
		};
		DF28F0D122E5E6C700E5B24C /* DebugAgent */ = {
			isa = XCBuildConfiguration;
			buildSettings = {
				CLANG_ENABLE_OBJC_WEAK = YES;
				CLANG_WARN_DEPRECATED_OBJC_IMPLEMENTATIONS = YES;
				CLANG_WARN_OBJC_IMPLICIT_RETAIN_SELF = YES;
				CODE_SIGN_STYLE = Automatic;
				GCC_PREPROCESSOR_DEFINITIONS = (
					"DEBUG=1",
					"$(inherited)",
					ASIO_STANDALONE,
					USE_ASIO,
					USE_MBEDTLS,
					HAVE_JSONCPP,
				);
				HEADER_SEARCH_PATHS = (
					"\"$(SRCROOT)/../..\"",
					"\"$(SRCROOT)/../../../deps/asio/asio/include\"",
					"\"$(SRCROOT)/../../../common\"",
					"\"$(SRCROOT)/../../../deps/mbedtls/mbedtls-osx/include\"",
					/usr/local/include,
				);
				LIBRARY_SEARCH_PATHS = /usr/local/lib;
				MTL_ENABLE_DEBUG_INFO = INCLUDE_SOURCE;
				MTL_FAST_MATH = YES;
				PRODUCT_NAME = "$(TARGET_NAME)";
			};
			name = DebugAgent;
		};
		DF28F0D222E5E6C700E5B24C /* Release */ = {
			isa = XCBuildConfiguration;
			buildSettings = {
				CLANG_ENABLE_OBJC_WEAK = YES;
				CLANG_WARN_DEPRECATED_OBJC_IMPLEMENTATIONS = YES;
				CLANG_WARN_OBJC_IMPLICIT_RETAIN_SELF = YES;
				CODE_SIGN_STYLE = Automatic;
				MTL_FAST_MATH = YES;
				PRODUCT_NAME = "$(TARGET_NAME)";
			};
			name = Release;
		};
		DF380ADB201F07AE0003272D /* Debug */ = {
			isa = XCBuildConfiguration;
			buildSettings = {
				ALWAYS_SEARCH_USER_PATHS = NO;
				CLANG_ANALYZER_NONNULL = YES;
				CLANG_ANALYZER_NUMBER_OBJECT_CONVERSION = YES_AGGRESSIVE;
				CLANG_CXX_LANGUAGE_STANDARD = "gnu++14";
				CLANG_CXX_LIBRARY = "libc++";
				CLANG_ENABLE_MODULES = YES;
				CLANG_ENABLE_OBJC_ARC = YES;
				CLANG_WARN_BLOCK_CAPTURE_AUTORELEASING = YES;
				CLANG_WARN_BOOL_CONVERSION = YES;
				CLANG_WARN_COMMA = YES;
				CLANG_WARN_CONSTANT_CONVERSION = YES;
				CLANG_WARN_DEPRECATED_OBJC_IMPLEMENTATIONS = YES;
				CLANG_WARN_DIRECT_OBJC_ISA_USAGE = YES_ERROR;
				CLANG_WARN_DOCUMENTATION_COMMENTS = YES;
				CLANG_WARN_EMPTY_BODY = YES;
				CLANG_WARN_ENUM_CONVERSION = YES;
				CLANG_WARN_INFINITE_RECURSION = YES;
				CLANG_WARN_INT_CONVERSION = YES;
				CLANG_WARN_NON_LITERAL_NULL_CONVERSION = YES;
				CLANG_WARN_OBJC_IMPLICIT_RETAIN_SELF = YES;
				CLANG_WARN_OBJC_LITERAL_CONVERSION = YES;
				CLANG_WARN_OBJC_ROOT_CLASS = YES_ERROR;
				CLANG_WARN_RANGE_LOOP_ANALYSIS = YES;
				CLANG_WARN_STRICT_PROTOTYPES = YES;
				CLANG_WARN_SUSPICIOUS_MOVE = YES;
				CLANG_WARN_UNGUARDED_AVAILABILITY = YES_AGGRESSIVE;
				CLANG_WARN_UNREACHABLE_CODE = YES;
				CLANG_WARN__DUPLICATE_METHOD_MATCH = YES;
				CODE_SIGN_IDENTITY = "-";
				COPY_PHASE_STRIP = NO;
				DEBUG_INFORMATION_FORMAT = dwarf;
				ENABLE_STRICT_OBJC_MSGSEND = YES;
				ENABLE_TESTABILITY = YES;
				GCC_C_LANGUAGE_STANDARD = gnu11;
				GCC_DYNAMIC_NO_PIC = NO;
				GCC_NO_COMMON_BLOCKS = YES;
				GCC_OPTIMIZATION_LEVEL = 0;
				GCC_PREPROCESSOR_DEFINITIONS = (
					"DEBUG=1",
					"$(inherited)",
				);
				GCC_WARN_64_TO_32_BIT_CONVERSION = YES;
				GCC_WARN_ABOUT_RETURN_TYPE = YES_ERROR;
				GCC_WARN_UNDECLARED_SELECTOR = YES;
				GCC_WARN_UNINITIALIZED_AUTOS = YES_AGGRESSIVE;
				GCC_WARN_UNUSED_FUNCTION = YES;
				GCC_WARN_UNUSED_VARIABLE = YES;
				MACOSX_DEPLOYMENT_TARGET = 10.13;
				MTL_ENABLE_DEBUG_INFO = YES;
				ONLY_ACTIVE_ARCH = YES;
				SDKROOT = macosx;
			};
			name = Debug;
		};
		DF380ADC201F07AE0003272D /* Release */ = {
			isa = XCBuildConfiguration;
			buildSettings = {
				ALWAYS_SEARCH_USER_PATHS = NO;
				CLANG_ANALYZER_NONNULL = YES;
				CLANG_ANALYZER_NUMBER_OBJECT_CONVERSION = YES_AGGRESSIVE;
				CLANG_CXX_LANGUAGE_STANDARD = "gnu++14";
				CLANG_CXX_LIBRARY = "libc++";
				CLANG_ENABLE_MODULES = YES;
				CLANG_ENABLE_OBJC_ARC = YES;
				CLANG_WARN_BLOCK_CAPTURE_AUTORELEASING = YES;
				CLANG_WARN_BOOL_CONVERSION = YES;
				CLANG_WARN_COMMA = YES;
				CLANG_WARN_CONSTANT_CONVERSION = YES;
				CLANG_WARN_DEPRECATED_OBJC_IMPLEMENTATIONS = YES;
				CLANG_WARN_DIRECT_OBJC_ISA_USAGE = YES_ERROR;
				CLANG_WARN_DOCUMENTATION_COMMENTS = YES;
				CLANG_WARN_EMPTY_BODY = YES;
				CLANG_WARN_ENUM_CONVERSION = YES;
				CLANG_WARN_INFINITE_RECURSION = YES;
				CLANG_WARN_INT_CONVERSION = YES;
				CLANG_WARN_NON_LITERAL_NULL_CONVERSION = YES;
				CLANG_WARN_OBJC_IMPLICIT_RETAIN_SELF = YES;
				CLANG_WARN_OBJC_LITERAL_CONVERSION = YES;
				CLANG_WARN_OBJC_ROOT_CLASS = YES_ERROR;
				CLANG_WARN_RANGE_LOOP_ANALYSIS = YES;
				CLANG_WARN_STRICT_PROTOTYPES = YES;
				CLANG_WARN_SUSPICIOUS_MOVE = YES;
				CLANG_WARN_UNGUARDED_AVAILABILITY = YES_AGGRESSIVE;
				CLANG_WARN_UNREACHABLE_CODE = YES;
				CLANG_WARN__DUPLICATE_METHOD_MATCH = YES;
				CODE_SIGN_IDENTITY = "-";
				COPY_PHASE_STRIP = NO;
				DEBUG_INFORMATION_FORMAT = "dwarf-with-dsym";
				ENABLE_NS_ASSERTIONS = NO;
				ENABLE_STRICT_OBJC_MSGSEND = YES;
				GCC_C_LANGUAGE_STANDARD = gnu11;
				GCC_NO_COMMON_BLOCKS = YES;
				GCC_WARN_64_TO_32_BIT_CONVERSION = YES;
				GCC_WARN_ABOUT_RETURN_TYPE = YES_ERROR;
				GCC_WARN_UNDECLARED_SELECTOR = YES;
				GCC_WARN_UNINITIALIZED_AUTOS = YES_AGGRESSIVE;
				GCC_WARN_UNUSED_FUNCTION = YES;
				GCC_WARN_UNUSED_VARIABLE = YES;
				MACOSX_DEPLOYMENT_TARGET = 10.13;
				MTL_ENABLE_DEBUG_INFO = NO;
				SDKROOT = macosx;
			};
			name = Release;
		};
		DF380ADE201F07AE0003272D /* Debug */ = {
			isa = XCBuildConfiguration;
			buildSettings = {
				CODE_SIGN_STYLE = Automatic;
				GCC_PREPROCESSOR_DEFINITIONS = (
					USE_ASIO,
					ASIO_STANDALONE,
					USE_MBEDTLS,
					HAVE_LZ4,
					LZ4_DISABLE_DEPRECATE_WARNINGS,
				);
				HEADER_SEARCH_PATHS = (
					"\"$(SRCROOT)/../..\"",
					"\"$(SRCROOT)/../../../deps/asio/asio/include\"",
					"\"$(SRCROOT)/../../../deps/mbedtls/mbedtls-osx/include\"",
					"\"$(SRCROOT)/../../../deps/lz4/lz4-osx/include\"",
				);
				LIBRARY_SEARCH_PATHS = (
					"\"$(SRCROOT)/../../../deps/mbedtls/mbedtls-osx/library\"",
					"\"$(SRCROOT)/../../../deps/lz4/lz4-osx/lib\"",
				);
				PRODUCT_NAME = "$(TARGET_NAME)";
				STRINGS_FILE_OUTPUT_ENCODING = "UTF-8";
			};
			name = Debug;
		};
		DF380ADF201F07AE0003272D /* Release */ = {
			isa = XCBuildConfiguration;
			buildSettings = {
				CODE_SIGN_STYLE = Automatic;
				GCC_PREPROCESSOR_DEFINITIONS = (
					USE_ASIO,
					ASIO_STANDALONE,
					USE_MBEDTLS,
					HAVE_LZ4,
					LZ4_DISABLE_DEPRECATE_WARNINGS,
				);
				HEADER_SEARCH_PATHS = (
					"\"$(SRCROOT)/../..\"",
					"\"$(SRCROOT)/../../../deps/asio/asio/include\"",
					"\"$(SRCROOT)/../../../deps/mbedtls/mbedtls-osx/include\"",
					"\"$(SRCROOT)/../../../deps/lz4/lz4-osx/include\"",
				);
				LIBRARY_SEARCH_PATHS = (
					"\"$(SRCROOT)/../../../deps/mbedtls/mbedtls-osx/library\"",
					"\"$(SRCROOT)/../../../deps/lz4/lz4-osx/lib\"",
				);
				PRODUCT_NAME = "$(TARGET_NAME)";
				STRINGS_FILE_OUTPUT_ENCODING = "UTF-8";
			};
			name = Release;
		};
/* End XCBuildConfiguration section */

/* Begin XCConfigurationList section */
		DF28F0CF22E5E6C700E5B24C /* Build configuration list for PBXNativeTarget "agent" */ = {
			isa = XCConfigurationList;
			buildConfigurations = (
				DF28F0D022E5E6C700E5B24C /* Debug */,
				DF28F0D122E5E6C700E5B24C /* DebugAgent */,
				DF28F0D222E5E6C700E5B24C /* Release */,
			);
			defaultConfigurationIsVisible = 0;
			defaultConfigurationName = DebugAgent;
		};
		DF380AD1201F07AE0003272D /* Build configuration list for PBXProject "ovpn3-core" */ = {
			isa = XCConfigurationList;
			buildConfigurations = (
				DF380ADB201F07AE0003272D /* Debug */,
				DF28F0C322E5DAD200E5B24C /* DebugAgent */,
				DF380ADC201F07AE0003272D /* Release */,
			);
			defaultConfigurationIsVisible = 0;
			defaultConfigurationName = DebugAgent;
		};
		DF380ADD201F07AE0003272D /* Build configuration list for PBXNativeTarget "ovpn3-core" */ = {
			isa = XCConfigurationList;
			buildConfigurations = (
				DF380ADE201F07AE0003272D /* Debug */,
				DF28F0C422E5DAD200E5B24C /* DebugAgent */,
				DF380ADF201F07AE0003272D /* Release */,
			);
			defaultConfigurationIsVisible = 0;
			defaultConfigurationName = DebugAgent;
		};
/* End XCConfigurationList section */
	};
	rootObject = DF380ACE201F07AE0003272D /* Project object */;
}
